{
  "originHash" : "db325e0b0411948183d969164e848e3a0aaa9c66331ed30737a9f42f97c7b715",
  "pins" : [
    {
      "identity" : "videofeed-ios-build",
      "kind" : "remoteSourceControl",
      "location" : "https://github.com/digiteka/videofeed-ios-build",
      "state" : {
        "revision" : "46e022ed2f0c912a27d2bc519d1361fdd6044907",
        "version" : "2.1.1"
      }
    }
  ],
  "version" : 3
}
