{
  "originHash" : "db325e0b0411948183d969164e848e3a0aaa9c66331ed30737a9f42f97c7b715",
  "pins" : [
    {
      "identity" : "videofeed-ios-build",
      "kind" : "remoteSourceControl",
      "location" : "https://github.com/digiteka/videofeed-ios-build",
      "state" : {
        "revision" : "a98b523f143c989f1e433d3800fcb83390012929",
        "version" : "2.1.2"
      }
    }
  ],
  "version" : 3
}
