{
  "originHash" : "db325e0b0411948183d969164e848e3a0aaa9c66331ed30737a9f42f97c7b715",
  "pins" : [
    {
      "identity" : "videofeed-ios-build",
      "kind" : "remoteSourceControl",
      "location" : "https://github.com/digiteka/videofeed-ios-build",
      "state" : {
        "revision" : "ab9953959cbba90c7e703adc9e85f767caf9d97f",
        "version" : "2.1.3"
      }
    }
  ],
  "version" : 3
}
